
Microsoft Visual Studio Solution File, Format Version 12.00
# Visual Studio Version 17
VisualStudioVersion = 17.14.36717.8
MinimumVisualStudioVersion = 10.0.40219.1
Project("{FAE04EC0-301F-11D3-BF4B-00C04F79EFBC}") = "FinGuard.Domain", "src\FinGuard.Domain\FinGuard.Domain.csproj", "{9AFD61B9-2DE2-4E93-BB88-775CEC6E9958}"
EndProject
Project("{2150E333-8FDC-42A3-9474-1A3956D46DE8}") = "src", "src", "{02EA681E-C7D8-13C7-8484-4AC65E1B71E8}"
EndProject
Project("{2150E333-8FDC-42A3-9474-1A3956D46DE8}") = "test", "test", "{C3135AE1-FAB3-4644-8204-407D6CBECBFE}"
EndProject
Project("{FAE04EC0-301F-11D3-BF4B-00C04F79EFBC}") = "FinGuard.Infrastructure", "src\FinGuard.Infrastructure\FinGuard.Infrastructure.csproj", "{653C5367-4E93-49A5-B615-B5F180A6782E}"
EndProject
Project("{FAE04EC0-301F-11D3-BF4B-00C04F79EFBC}") = "FinGuard.IntegrationTests", "test\FinGuard.Infrastructure.Tests\FinGuard.IntegrationTests.csproj", "{FC584002-2660-46F5-AE93-01E6DCC845CE}"
EndProject
Project("{FAE04EC0-301F-11D3-BF4B-00C04F79EFBC}") = "FinGuard.Api", "src\FinGuard.Api\FinGuard.Api.csproj", "{13393426-8B18-4ED9-A560-9309C406FA41}"
EndProject
Project("{FAE04EC0-301F-11D3-BF4B-00C04F79EFBC}") = "FinGuard.Application", "src\FinGuard.Application\FinGuard.Application.csproj", "{4713A54A-D488-4E1D-A5ED-8BAB5F851CCB}"
EndProject
Project("{FAE04EC0-301F-11D3-BF4B-00C04F79EFBC}") = "FinGuard.UnitTests", "test\FinGuard.UnitTests\FinGuard.UnitTests.csproj", "{4C8FEB90-49DD-15A3-7FF4-EB966583350E}"
EndProject
Project("{FAE04EC0-301F-11D3-BF4B-00C04F79EFBC}") = "FinGuard.UI", "src\FinGuard.UI\FinGuard.UI.csproj", "{B97A8F94-CB83-407B-AFFE-7055ECF31D8C}"
EndProject
Global
	GlobalSection(SolutionConfigurationPlatforms) = preSolution
		Debug|Any CPU = Debug|Any CPU
		Debug|x64 = Debug|x64
		Debug|x86 = Debug|x86
		Release|Any CPU = Release|Any CPU
		Release|x64 = Release|x64
		Release|x86 = Release|x86
	EndGlobalSection
	GlobalSection(ProjectConfigurationPlatforms) = postSolution
		{9AFD61B9-2DE2-4E93-BB88-775CEC6E9958}.Debug|Any CPU.ActiveCfg = Debug|Any CPU
		{9AFD61B9-2DE2-4E93-BB88-775CEC6E9958}.Debug|Any CPU.Build.0 = Debug|Any CPU
		{9AFD61B9-2DE2-4E93-BB88-775CEC6E9958}.Debug|x64.ActiveCfg = Debug|Any CPU
		{9AFD61B9-2DE2-4E93-BB88-775CEC6E9958}.Debug|x64.Build.0 = Debug|Any CPU
		{9AFD61B9-2DE2-4E93-BB88-775CEC6E9958}.Debug|x86.ActiveCfg = Debug|Any CPU
		{9AFD61B9-2DE2-4E93-BB88-775CEC6E9958}.Debug|x86.Build.0 = Debug|Any CPU
		{9AFD61B9-2DE2-4E93-BB88-775CEC6E9958}.Release|Any CPU.ActiveCfg = Release|Any CPU
		{9AFD61B9-2DE2-4E93-BB88-775CEC6E9958}.Release|Any CPU.Build.0 = Release|Any CPU
		{9AFD61B9-2DE2-4E93-BB88-775CEC6E9958}.Release|x64.ActiveCfg = Release|Any CPU
		{9AFD61B9-2DE2-4E93-BB88-775CEC6E9958}.Release|x64.Build.0 = Release|Any CPU
		{9AFD61B9-2DE2-4E93-BB88-775CEC6E9958}.Release|x86.ActiveCfg = Release|Any CPU
		{9AFD61B9-2DE2-4E93-BB88-775CEC6E9958}.Release|x86.Build.0 = Release|Any CPU
		{653C5367-4E93-49A5-B615-B5F180A6782E}.Debug|Any CPU.ActiveCfg = Debug|Any CPU
		{653C5367-4E93-49A5-B615-B5F180A6782E}.Debug|Any CPU.Build.0 = Debug|Any CPU
		{653C5367-4E93-49A5-B615-B5F180A6782E}.Debug|x64.ActiveCfg = Debug|Any CPU
		{653C5367-4E93-49A5-B615-B5F180A6782E}.Debug|x64.Build.0 = Debug|Any CPU
		{653C5367-4E93-49A5-B615-B5F180A6782E}.Debug|x86.ActiveCfg = Debug|Any CPU
		{653C5367-4E93-49A5-B615-B5F180A6782E}.Debug|x86.Build.0 = Debug|Any CPU
		{653C5367-4E93-49A5-B615-B5F180A6782E}.Release|Any CPU.ActiveCfg = Release|Any CPU
		{653C5367-4E93-49A5-B615-B5F180A6782E}.Release|Any CPU.Build.0 = Release|Any CPU
		{653C5367-4E93-49A5-B615-B5F180A6782E}.Release|x64.ActiveCfg = Release|Any CPU
		{653C5367-4E93-49A5-B615-B5F180A6782E}.Release|x64.Build.0 = Release|Any CPU
		{653C5367-4E93-49A5-B615-B5F180A6782E}.Release|x86.ActiveCfg = Release|Any CPU
		{653C5367-4E93-49A5-B615-B5F180A6782E}.Release|x86.Build.0 = Release|Any CPU
		{FC584002-2660-46F5-AE93-01E6DCC845CE}.Debug|Any CPU.ActiveCfg = Debug|Any CPU
		{FC584002-2660-46F5-AE93-01E6DCC845CE}.Debug|Any CPU.Build.0 = Debug|Any CPU
		{FC584002-2660-46F5-AE93-01E6DCC845CE}.Debug|x64.ActiveCfg = Debug|Any CPU
		{FC584002-2660-46F5-AE93-01E6DCC845CE}.Debug|x64.Build.0 = Debug|Any CPU
		{FC584002-2660-46F5-AE93-01E6DCC845CE}.Debug|x86.ActiveCfg = Debug|Any CPU
		{FC584002-2660-46F5-AE93-01E6DCC845CE}.Debug|x86.Build.0 = Debug|Any CPU
		{FC584002-2660-46F5-AE93-01E6DCC845CE}.Release|Any CPU.ActiveCfg = Release|Any CPU
		{FC584002-2660-46F5-AE93-01E6DCC845CE}.Release|Any CPU.Build.0 = Release|Any CPU
		{FC584002-2660-46F5-AE93-01E6DCC845CE}.Release|x64.ActiveCfg = Release|Any CPU
		{FC584002-2660-46F5-AE93-01E6DCC845CE}.Release|x64.Build.0 = Release|Any CPU
		{FC584002-2660-46F5-AE93-01E6DCC845CE}.Release|x86.ActiveCfg = Release|Any CPU
		{FC584002-2660-46F5-AE93-01E6DCC845CE}.Release|x86.Build.0 = Release|Any CPU
		{13393426-8B18-4ED9-A560-9309C406FA41}.Debug|Any CPU.ActiveCfg = Debug|Any CPU
		{13393426-8B18-4ED9-A560-9309C406FA41}.Debug|Any CPU.Build.0 = Debug|Any CPU
		{13393426-8B18-4ED9-A560-9309C406FA41}.Debug|x64.ActiveCfg = Debug|Any CPU
		{13393426-8B18-4ED9-A560-9309C406FA41}.Debug|x64.Build.0 = Debug|Any CPU
		{13393426-8B18-4ED9-A560-9309C406FA41}.Debug|x86.ActiveCfg = Debug|Any CPU
		{13393426-8B18-4ED9-A560-9309C406FA41}.Debug|x86.Build.0 = Debug|Any CPU
		{13393426-8B18-4ED9-A560-9309C406FA41}.Release|Any CPU.ActiveCfg = Release|Any CPU
		{13393426-8B18-4ED9-A560-9309C406FA41}.Release|Any CPU.Build.0 = Release|Any CPU
		{13393426-8B18-4ED9-A560-9309C406FA41}.Release|x64.ActiveCfg = Release|Any CPU
		{13393426-8B18-4ED9-A560-9309C406FA41}.Release|x64.Build.0 = Release|Any CPU
		{13393426-8B18-4ED9-A560-9309C406FA41}.Release|x86.ActiveCfg = Release|Any CPU
		{13393426-8B18-4ED9-A560-9309C406FA41}.Release|x86.Build.0 = Release|Any CPU
		{4713A54A-D488-4E1D-A5ED-8BAB5F851CCB}.Debug|Any CPU.ActiveCfg = Debug|Any CPU
		{4713A54A-D488-4E1D-A5ED-8BAB5F851CCB}.Debug|Any CPU.Build.0 = Debug|Any CPU
		{4713A54A-D488-4E1D-A5ED-8BAB5F851CCB}.Debug|x64.ActiveCfg = Debug|Any CPU
		{4713A54A-D488-4E1D-A5ED-8BAB5F851CCB}.Debug|x64.Build.0 = Debug|Any CPU
		{4713A54A-D488-4E1D-A5ED-8BAB5F851CCB}.Debug|x86.ActiveCfg = Debug|Any CPU
		{4713A54A-D488-4E1D-A5ED-8BAB5F851CCB}.Debug|x86.Build.0 = Debug|Any CPU
		{4713A54A-D488-4E1D-A5ED-8BAB5F851CCB}.Release|Any CPU.ActiveCfg = Release|Any CPU
		{4713A54A-D488-4E1D-A5ED-8BAB5F851CCB}.Release|Any CPU.Build.0 = Release|Any CPU
		{4713A54A-D488-4E1D-A5ED-8BAB5F851CCB}.Release|x64.ActiveCfg = Release|Any CPU
		{4713A54A-D488-4E1D-A5ED-8BAB5F851CCB}.Release|x64.Build.0 = Release|Any CPU
		{4713A54A-D488-4E1D-A5ED-8BAB5F851CCB}.Release|x86.ActiveCfg = Release|Any CPU
		{4713A54A-D488-4E1D-A5ED-8BAB5F851CCB}.Release|x86.Build.0 = Release|Any CPU
		{4C8FEB90-49DD-15A3-7FF4-EB966583350E}.Debug|Any CPU.ActiveCfg = Debug|Any CPU
		{4C8FEB90-49DD-15A3-7FF4-EB966583350E}.Debug|Any CPU.Build.0 = Debug|Any CPU
		{4C8FEB90-49DD-15A3-7FF4-EB966583350E}.Debug|x64.ActiveCfg = Debug|Any CPU
		{4C8FEB90-49DD-15A3-7FF4-EB966583350E}.Debug|x64.Build.0 = Debug|Any CPU
		{4C8FEB90-49DD-15A3-7FF4-EB966583350E}.Debug|x86.ActiveCfg = Debug|Any CPU
		{4C8FEB90-49DD-15A3-7FF4-EB966583350E}.Debug|x86.Build.0 = Debug|Any CPU
		{4C8FEB90-49DD-15A3-7FF4-EB966583350E}.Release|Any CPU.ActiveCfg = Release|Any CPU
		{4C8FEB90-49DD-15A3-7FF4-EB966583350E}.Release|Any CPU.Build.0 = Release|Any CPU
		{4C8FEB90-49DD-15A3-7FF4-EB966583350E}.Release|x64.ActiveCfg = Release|Any CPU
		{4C8FEB90-49DD-15A3-7FF4-EB966583350E}.Release|x64.Build.0 = Release|Any CPU
		{4C8FEB90-49DD-15A3-7FF4-EB966583350E}.Release|x86.ActiveCfg = Release|Any CPU
		{4C8FEB90-49DD-15A3-7FF4-EB966583350E}.Release|x86.Build.0 = Release|Any CPU
		{B97A8F94-CB83-407B-AFFE-7055ECF31D8C}.Debug|Any CPU.ActiveCfg = Debug|Any CPU
		{B97A8F94-CB83-407B-AFFE-7055ECF31D8C}.Debug|Any CPU.Build.0 = Debug|Any CPU
		{B97A8F94-CB83-407B-AFFE-7055ECF31D8C}.Debug|x64.ActiveCfg = Debug|Any CPU
		{B97A8F94-CB83-407B-AFFE-7055ECF31D8C}.Debug|x64.Build.0 = Debug|Any CPU
		{B97A8F94-CB83-407B-AFFE-7055ECF31D8C}.Debug|x86.ActiveCfg = Debug|Any CPU
		{B97A8F94-CB83-407B-AFFE-7055ECF31D8C}.Debug|x86.Build.0 = Debug|Any CPU
		{B97A8F94-CB83-407B-AFFE-7055ECF31D8C}.Release|Any CPU.ActiveCfg = Release|Any CPU
		{B97A8F94-CB83-407B-AFFE-7055ECF31D8C}.Release|Any CPU.Build.0 = Release|Any CPU
		{B97A8F94-CB83-407B-AFFE-7055ECF31D8C}.Release|x64.ActiveCfg = Release|Any CPU
		{B97A8F94-CB83-407B-AFFE-7055ECF31D8C}.Release|x64.Build.0 = Release|Any CPU
		{B97A8F94-CB83-407B-AFFE-7055ECF31D8C}.Release|x86.ActiveCfg = Release|Any CPU
		{B97A8F94-CB83-407B-AFFE-7055ECF31D8C}.Release|x86.Build.0 = Release|Any CPU
	EndGlobalSection
	GlobalSection(SolutionProperties) = preSolution
		HideSolutionNode = FALSE
	EndGlobalSection
	GlobalSection(NestedProjects) = preSolution
		{9AFD61B9-2DE2-4E93-BB88-775CEC6E9958} = {02EA681E-C7D8-13C7-8484-4AC65E1B71E8}
		{653C5367-4E93-49A5-B615-B5F180A6782E} = {02EA681E-C7D8-13C7-8484-4AC65E1B71E8}
		{FC584002-2660-46F5-AE93-01E6DCC845CE} = {C3135AE1-FAB3-4644-8204-407D6CBECBFE}
		{13393426-8B18-4ED9-A560-9309C406FA41} = {02EA681E-C7D8-13C7-8484-4AC65E1B71E8}
		{4713A54A-D488-4E1D-A5ED-8BAB5F851CCB} = {02EA681E-C7D8-13C7-8484-4AC65E1B71E8}
		{4C8FEB90-49DD-15A3-7FF4-EB966583350E} = {C3135AE1-FAB3-4644-8204-407D6CBECBFE}
		{B97A8F94-CB83-407B-AFFE-7055ECF31D8C} = {02EA681E-C7D8-13C7-8484-4AC65E1B71E8}
	EndGlobalSection
	GlobalSection(ExtensibilityGlobals) = postSolution
		SolutionGuid = {672CE3AD-0D55-4A09-BB3F-F2F9ACF7D983}
	EndGlobalSection
EndGlobal
